
Microsoft Visual Studio Solution File, Format Version 12.00
# Visual Studio Version 17
VisualStudioVersion = 17.3.32929.385
MinimumVisualStudioVersion = 10.0.40219.1
Project("{FAE04EC0-301F-11D3-BF4B-00C04F79EFBC}") = "SellingTicketsWebsite", "SellingTicketsWebsite\SellingTicketsWebsite.csproj", "{D17B08AD-D641-4571-B152-13DBEF17E49A}"
EndProject
Global
	GlobalSection(SolutionConfigurationPlatforms) = preSolution
		Debug|Any CPU = Debug|Any CPU
		Release|Any CPU = Release|Any CPU
	EndGlobalSection
	GlobalSection(ProjectConfigurationPlatforms) = postSolution
		{D17B08AD-D641-4571-B152-13DBEF17E49A}.Debug|Any CPU.ActiveCfg = Debug|Any CPU
		{D17B08AD-D641-4571-B152-13DBEF17E49A}.Debug|Any CPU.Build.0 = Debug|Any CPU
		{D17B08AD-D641-4571-B152-13DBEF17E49A}.Release|Any CPU.ActiveCfg = Release|Any CPU
		{D17B08AD-D641-4571-B152-13DBEF17E49A}.Release|Any CPU.Build.0 = Release|Any CPU
	EndGlobalSection
	GlobalSection(SolutionProperties) = preSolution
		HideSolutionNode = FALSE
	EndGlobalSection
	GlobalSection(ExtensibilityGlobals) = postSolution
		SolutionGuid = {5D9A7FA1-4624-45A5-9790-DD1E1523558B}
	EndGlobalSection
EndGlobal
